
Microsoft Visual Studio Solution File, Format Version 12.00
# Visual Studio Version 17
VisualStudioVersion = 17.2.32616.157
MinimumVisualStudioVersion = 10.0.40219.1
Project("{9A19103F-16F7-4668-BE54-9A1E7A4F7556}") = "Formula 1 Media Handler", "Formula 1 Media Handler.csproj", "{2A636ACB-5B3D-46D0-B335-1865ADCA7EDD}"
EndProject
Global
	GlobalSection(SolutionConfigurationPlatforms) = preSolution
		Debug|Any CPU = Debug|Any CPU
		Release|Any CPU = Release|Any CPU
	EndGlobalSection
	GlobalSection(ProjectConfigurationPlatforms) = postSolution
		{2A636ACB-5B3D-46D0-B335-1865ADCA7EDD}.Debug|Any CPU.ActiveCfg = Debug|Any CPU
		{2A636ACB-5B3D-46D0-B335-1865ADCA7EDD}.Debug|Any CPU.Build.0 = Debug|Any CPU
		{2A636ACB-5B3D-46D0-B335-1865ADCA7EDD}.Release|Any CPU.ActiveCfg = Release|Any CPU
		{2A636ACB-5B3D-46D0-B335-1865ADCA7EDD}.Release|Any CPU.Build.0 = Release|Any CPU
	EndGlobalSection
	GlobalSection(SolutionProperties) = preSolution
		HideSolutionNode = FALSE
	EndGlobalSection
	GlobalSection(ExtensibilityGlobals) = postSolution
		SolutionGuid = {395A4E66-720E-411B-8211-4874F3308CB9}
	EndGlobalSection
EndGlobal
